<?xml version="1.0" encoding="utf-8"?>
<Project ToolsVersion="4.0" xmlns="http://schemas.microsoft.com/developer/msbuild/2003">
  <ItemGroup>
    <ClCompile Include="basic.cpp" />
    <ClCompile Include="Models\Calendar.cpp" />
    <ClCompile Include="Models\CalendarHistory.cpp" />
    <ClCompile Include="Commands\AddTaskCommand.cpp" />
    <ClCompile Include="Commands\ClearTaskCommand.cpp" />
    <ClCompile Include="Commands\Command.cpp" />
    <ClCompile Include="Commands\DeleteTaskCommand.cpp" />
    <ClCompile Include="Commands\EditTaskCommand.cpp" />
    <ClCompile Include="Commands\RedoTaskCommand.cpp" />
    <ClCompile Include="Commands\SearchTaskCommand.cpp" />
    <ClCompile Include="Commands\UndoTaskCommand.cpp" />
    <ClCompile Include="DoLahClient.cpp" />
    <ClCompile Include="Models\DeadlineTask.cpp" />
    <ClCompile Include="Models\EventTask.cpp" />
    <ClCompile Include="Models\Task.cpp" />
    <ClCompile Include="CommandInvoker.cpp" />
  </ItemGroup>
  <ItemGroup>
    <ClCompile Include="basic.cpp">
      <Filter>Source Files</Filter>
    </ClCompile>
    <ClCompile Include="CommandTokenizer.cpp">
      <Filter>Source Files</Filter>
    </ClCompile>
    <ClCompile Include="ParserLibrary.cpp">
      <Filter>Source Files</Filter>
    </ClCompile>
    <ClCompile Include="CommandParser.cpp">
      <Filter>Source Files</Filter>
    </ClCompile>
    <ClCompile Include="Models\DeadlineTask.cpp">
      <Filter>Source Files</Filter>
    </ClCompile>
    <ClCompile Include="Models\EventTask.cpp">
      <Filter>Source Files</Filter>
    </ClCompile>
    <ClCompile Include="Models\Task.cpp">
      <Filter>Source Files</Filter>
    </ClCompile>
    <ClCompile Include="Commands\AddTaskCommand.cpp">
      <Filter>Source Files</Filter>
    </ClCompile>
    <ClCompile Include="Commands\Command.cpp">
      <Filter>Source Files</Filter>
    </ClCompile>
    <ClCompile Include="Commands\EditTaskCommand.cpp">
      <Filter>Source Files</Filter>
    </ClCompile>
    <ClCompile Include="Commands\ClearTaskCommand.cpp">
      <Filter>Source Files</Filter>
    </ClCompile>
    <ClCompile Include="Commands\DeleteTaskCommand.cpp">
      <Filter>Source Files</Filter>
    </ClCompile>
    <ClCompile Include="Commands\SearchTaskCommand.cpp">
      <Filter>Source Files</Filter>
    </ClCompile>
    <ClCompile Include="Commands\RedoTaskCommand.cpp">
      <Filter>Source Files</Filter>
    </ClCompile>
    <ClCompile Include="Commands\UndoTaskCommand.cpp">
      <Filter>Source Files</Filter>
    </ClCompile>
    <ClCompile Include="DoLahClient.cpp">
      <Filter>Source Files</Filter>
    </ClCompile>
    <ClCompile Include="Models\Calendar.cpp">
      <Filter>Source Files</Filter>
    </ClCompile>
    <ClCompile Include="Models\CalendarHistory.cpp">
      <Filter>Source Files</Filter>
    </ClCompile>
    <ClCompile Include="DateTimeParser.cpp">
      <Filter>Source Files</Filter>
    </ClCompile>
  </ItemGroup>
  <ItemGroup>
    <ClInclude Include="basic.h">
      <Filter>Header Files</Filter>
    </ClInclude>
    <ClInclude Include="CommandTokenizer.h">
      <Filter>Header Files</Filter>
    </ClInclude>
    <ClInclude Include="ParserLibrary.h">
      <Filter>Header Files</Filter>
    </ClInclude>
    <ClInclude Include="CommandParser.h">
      <Filter>Header Files</Filter>
    </ClInclude>
    <ClInclude Include="Models\Task.h">
      <Filter>Header Files</Filter>
    </ClInclude>
    <ClInclude Include="Models\TaskFactory.h">
      <Filter>Header Files</Filter>
    </ClInclude>
    <ClInclude Include="Commands\Command.h">
      <Filter>Header Files</Filter>
    </ClInclude>
    <ClInclude Include="DoLahClient.h">
      <Filter>Header Files</Filter>
    </ClInclude>
    <ClInclude Include="Models\Calendar.h">
      <Filter>Header Files</Filter>
    </ClInclude>
    <ClInclude Include="Models\CalendarHistory.h">
      <Filter>Header Files</Filter>
    </ClInclude>
    <ClInclude Include="DateTimeParser.h">
      <Filter>Header Files</Filter>
    </ClInclude>
    <ClInclude Include="CommandInvoker.h" />
      <Filter>Header Files</Filter>
    </ClInclude>
  </ItemGroup>
  <ItemGroup>
    <None Include="packages.config" />
  </ItemGroup>
</Project>